
Microsoft Visual Studio Solution File, Format Version 12.00
# Visual Studio 2013
VisualStudioVersion = 12.0.21005.1
MinimumVisualStudioVersion = 10.0.40219.1
Project("{FAE04EC0-301F-11D3-BF4B-00C04F79EFBC}") = "Framework", "Framework\Framework.csproj", "{95DDD47E-CE41-4766-A2B7-50D1E8DBE14F}"
EndProject
Project("{FAE04EC0-301F-11D3-BF4B-00C04F79EFBC}") = "Framework.Themes", "Framework.Themes\Framework.Themes.csproj", "{BD5E8380-F950-448D-97D1-4FCEAF4D2F3F}"
EndProject
Project("{2150E333-8FDC-42A3-9474-1A3956D46DE8}") = "ThirdPartyLibrary", "ThirdPartyLibrary", "{4351ED2B-BD96-4E36-825E-729927A994E6}"
EndProject
Project("{2150E333-8FDC-42A3-9474-1A3956D46DE8}") = "Application", "Application", "{1139BCA5-D8AE-4D80-981F-EE9C07F654E0}"
EndProject
Project("{FAE04EC0-301F-11D3-BF4B-00C04F79EFBC}") = "Framework.devControls", "Framework.devControls\Framework.devControls.csproj", "{00D27015-41D5-4304-B2AF-A556C249874A}"
EndProject
Project("{FAE04EC0-301F-11D3-BF4B-00C04F79EFBC}") = "Framework.Data", "Framework.Data\Framework.Data.csproj", "{9C0F64E9-30B5-42DE-B47F-7D22F661BD54}"
EndProject
Project("{FAE04EC0-301F-11D3-BF4B-00C04F79EFBC}") = "AppData", "AppData\AppData.csproj", "{D83659FB-C024-4408-A048-6B6A100DBBDD}"
EndProject
Project("{FAE04EC0-301F-11D3-BF4B-00C04F79EFBC}") = "AppView", "AppView\AppView.csproj", "{A43BC1F3-4522-44C3-8978-80D2A9652B31}"
EndProject
Project("{FAE04EC0-301F-11D3-BF4B-00C04F79EFBC}") = "AppViewModel", "AppViewModel\AppViewModel.csproj", "{0E398AF8-CD06-48DD-8DAC-5491792A4861}"
EndProject
Project("{FAE04EC0-301F-11D3-BF4B-00C04F79EFBC}") = "AppModel", "AppModel\AppModel.csproj", "{22D7619F-4EDA-458A-9A8A-B789FB4E31E3}"
EndProject
Project("{FAE04EC0-301F-11D3-BF4B-00C04F79EFBC}") = "Xceed.Wpf.AvalonDock", "Main\Source\ExtendedWPFToolkitSolution\Src\Xceed.Wpf.AvalonDock\Xceed.Wpf.AvalonDock.csproj", "{DB81988F-E0F2-45A0-A1FD-8C37F3D35244}"
EndProject
Project("{FAE04EC0-301F-11D3-BF4B-00C04F79EFBC}") = "Xceed.Wpf.AvalonDock.Themes.Aero", "Main\Source\ExtendedWPFToolkitSolution\Src\Xceed.Wpf.AvalonDock.Themes.Aero\Xceed.Wpf.AvalonDock.Themes.Aero.csproj", "{BA72CCE0-A9FB-4995-B496-7FEC5C87B85B}"
EndProject
Project("{FAE04EC0-301F-11D3-BF4B-00C04F79EFBC}") = "Xceed.Wpf.AvalonDock.Themes.Metro", "Main\Source\ExtendedWPFToolkitSolution\Src\Xceed.Wpf.AvalonDock.Themes.Metro\Xceed.Wpf.AvalonDock.Themes.Metro.csproj", "{89286EB4-B4A1-418C-839A-067B00F442D8}"
EndProject
Project("{FAE04EC0-301F-11D3-BF4B-00C04F79EFBC}") = "Xceed.Wpf.AvalonDock.Themes.VS2010", "Main\Source\ExtendedWPFToolkitSolution\Src\Xceed.Wpf.AvalonDock.Themes.VS2010\Xceed.Wpf.AvalonDock.Themes.VS2010.csproj", "{B3FC3E21-5F2D-4581-AEA2-59F671CFFC21}"
EndProject
Project("{FAE04EC0-301F-11D3-BF4B-00C04F79EFBC}") = "Xceed.Wpf.DataGrid", "Main\Source\ExtendedWPFToolkitSolution\Src\Xceed.Wpf.DataGrid\Xceed.Wpf.DataGrid.csproj", "{63648392-6CE9-4A60-96D4-F9FD718D29B0}"
EndProject
Project("{FAE04EC0-301F-11D3-BF4B-00C04F79EFBC}") = "Xceed.Wpf.Toolkit", "Main\Source\ExtendedWPFToolkitSolution\Src\Xceed.Wpf.Toolkit\Xceed.Wpf.Toolkit.csproj", "{72E591D6-8F83-4D8C-8F67-9C325E623234}"
EndProject
Project("{FAE04EC0-301F-11D3-BF4B-00C04F79EFBC}") = "Xceed.Wpf.Toolkit.LiveExplorer", "Main\Source\ExtendedWPFToolkitSolution\Src\Xceed.Wpf.Toolkit.LiveExplorer\Xceed.Wpf.Toolkit.LiveExplorer.csproj", "{5E7DC9C8-3E27-400C-B84C-29FF9E710CB3}"
EndProject
Project("{FAE04EC0-301F-11D3-BF4B-00C04F79EFBC}") = "FabTab", "FabTab\FabTab.csproj", "{9B2C9EEB-DAC2-4BE2-83CC-51AFA802ED4E}"
EndProject
Project("{FAE04EC0-301F-11D3-BF4B-00C04F79EFBC}") = "SampleProject", "FabTabSample\SampleProject.csproj", "{43634218-DD67-4536-B69F-1D28A355CA33}"
EndProject
Project("{FAE04EC0-301F-11D3-BF4B-00C04F79EFBC}") = "Odyssey", "Odyssey\Odyssey.csproj", "{333FDC55-6B47-4A64-A2DF-A4C5823FAC74}"
EndProject
Project("{FAE04EC0-301F-11D3-BF4B-00C04F79EFBC}") = "Demos", "OdysseyDemos\Demos.csproj", "{4F736E6C-D570-4882-B521-93819C059E82}"
EndProject
Project("{2150E333-8FDC-42A3-9474-1A3956D46DE8}") = "FrameworkLibrary", "FrameworkLibrary", "{2BE2BCEC-08F9-4265-BCE4-90692C6DC725}"
EndProject
Project("{2150E333-8FDC-42A3-9474-1A3956D46DE8}") = "Documentation", "Documentation", "{C890BABB-8415-476E-9D89-BF84067A4C27}"
	ProjectSection(SolutionItems) = preProject
		C:\Users\joby.james\Desktop\oops.docx = C:\Users\joby.james\Desktop\oops.docx
		Documentation\Performanceidea.docx = Documentation\Performanceidea.docx
		Documentation\Refactor.docx = Documentation\Refactor.docx
		Documentation\Tools.docx = Documentation\Tools.docx
		C:\Users\joby.james\Desktop\wpf.docx = C:\Users\joby.james\Desktop\wpf.docx
		Documentation\xamlGuidelinesDraft0.pdf = Documentation\xamlGuidelinesDraft0.pdf
	EndProjectSection
EndProject
Project("{FAE04EC0-301F-11D3-BF4B-00C04F79EFBC}") = "WpfPageTransitions", "WpfPageTransitions\WpfPageTransitions.csproj", "{22A46D61-1D40-43A9-802C-B9D43DADD9EC}"
EndProject
Project("{2150E333-8FDC-42A3-9474-1A3956D46DE8}") = "MVVM", "MVVM", "{3C6005E3-29E8-4A3D-8797-BDD826FC32A7}"
EndProject
Project("{FAE04EC0-301F-11D3-BF4B-00C04F79EFBC}") = "View", "MVVM CodeFirst\WpfApplication110\WpfApplication110\View.csproj", "{B168D630-3FF8-4EE5-997D-33681B90E2D7}"
EndProject
Project("{FAE04EC0-301F-11D3-BF4B-00C04F79EFBC}") = "ViewModel", "MVVM CodeFirst\WpfApplication110\WpfApplication2\ViewModel.csproj", "{D70DB07E-71ED-4C91-A5A2-310B8A816199}"
EndProject
Project("{FAE04EC0-301F-11D3-BF4B-00C04F79EFBC}") = "Model", "MVVM CodeFirst\WpfApplication110\WpfApplication1\Model.csproj", "{356DD576-6798-49DE-945A-DCBD75F1F229}"
EndProject
Project("{2150E333-8FDC-42A3-9474-1A3956D46DE8}") = "MVVMAndWCF", "MVVMAndWCF", "{2DA6F88B-E6EC-4BCB-9091-228A48FEE934}"
EndProject
Project("{FAE04EC0-301F-11D3-BF4B-00C04F79EFBC}") = "Model", "MVVM CodeFirst & WCF\WpfApplication1\Model.csproj", "{BBFFF980-57C7-49AB-BF2D-5963D7EA6AFD}"
EndProject
Project("{FAE04EC0-301F-11D3-BF4B-00C04F79EFBC}") = "ViewModel", "MVVM CodeFirst & WCF\WpfApplication2\ViewModel.csproj", "{1DFB6596-646C-4912-B30B-C915C79BF89E}"
EndProject
Project("{FAE04EC0-301F-11D3-BF4B-00C04F79EFBC}") = "View", "MVVM CodeFirst & WCF\WpfApplication110\View.csproj", "{1730C98D-371F-4F42-B059-B86B28A343FE}"
EndProject
Project("{FAE04EC0-301F-11D3-BF4B-00C04F79EFBC}") = "ModelServe", "MVVM CodeFirst & WCF\ModelServe\ModelServe.csproj", "{310A14BB-95F1-43DB-B440-E83C97862757}"
EndProject
Global
	GlobalSection(TeamFoundationVersionControl) = preSolution
		SccNumberOfProjects = 28
		SccEnterpriseProvider = {4CA58AB2-18FA-4F8D-95D4-32DDF27D184C}
		SccTeamFoundationServer = https://jobyjames85.visualstudio.com/defaultcollection
		SccLocalPath0 = .
		SccProjectUniqueName1 = Framework\\Framework.csproj
		SccProjectTopLevelParentUniqueName1 = Framework.sln
		SccProjectName1 = Framework
		SccLocalPath1 = Framework
		SccProjectUniqueName2 = Framework.Themes\\Framework.Themes.csproj
		SccProjectTopLevelParentUniqueName2 = Framework.sln
		SccProjectName2 = Framework.Themes
		SccLocalPath2 = Framework.Themes
		SccProjectUniqueName3 = Main\\Source\\ExtendedWPFToolkitSolution\\Src\\Xceed.Wpf.AvalonDock.Themes.Aero\\Xceed.Wpf.AvalonDock.Themes.Aero.csproj
		SccProjectTopLevelParentUniqueName3 = Framework.sln
		SccProjectName3 = Main/Source/ExtendedWPFToolkitSolution/Src/Xceed.Wpf.AvalonDock.Themes.Aero
		SccLocalPath3 = Main\\Source\\ExtendedWPFToolkitSolution\\Src\\Xceed.Wpf.AvalonDock.Themes.Aero
		SccProjectUniqueName4 = AppModel\\AppModel.csproj
		SccProjectTopLevelParentUniqueName4 = Framework.sln
		SccProjectName4 = AppModel
		SccLocalPath4 = AppModel
		SccProjectUniqueName5 = AppViewModel\\AppViewModel.csproj
		SccProjectTopLevelParentUniqueName5 = Framework.sln
		SccProjectName5 = AppViewModel
		SccLocalPath5 = AppViewModel
		SccProjectUniqueName6 = AppView\\AppView.csproj
		SccProjectTopLevelParentUniqueName6 = Framework.sln
		SccProjectName6 = AppView
		SccLocalPath6 = AppView
		SccProjectUniqueName7 = AppData\\AppData.csproj
		SccProjectTopLevelParentUniqueName7 = Framework.sln
		SccProjectName7 = AppData
		SccLocalPath7 = AppData
		SccProjectUniqueName8 = Framework.Data\\Framework.Data.csproj
		SccProjectTopLevelParentUniqueName8 = Framework.sln
		SccProjectName8 = Framework.Data
		SccLocalPath8 = Framework.Data
		SccProjectUniqueName9 = Framework.devControls\\Framework.devControls.csproj
		SccProjectTopLevelParentUniqueName9 = Framework.sln
		SccProjectName9 = Framework.devControls
		SccLocalPath9 = Framework.devControls
		SccProjectUniqueName10 = Main\\Source\\ExtendedWPFToolkitSolution\\Src\\Xceed.Wpf.Toolkit\\Xceed.Wpf.Toolkit.csproj
		SccProjectTopLevelParentUniqueName10 = Framework.sln
		SccProjectName10 = Main/Source/ExtendedWPFToolkitSolution/Src/Xceed.Wpf.Toolkit
		SccLocalPath10 = Main\\Source\\ExtendedWPFToolkitSolution\\Src\\Xceed.Wpf.Toolkit
		SccProjectUniqueName11 = Main\\Source\\ExtendedWPFToolkitSolution\\Src\\Xceed.Wpf.DataGrid\\Xceed.Wpf.DataGrid.csproj
		SccProjectTopLevelParentUniqueName11 = Framework.sln
		SccProjectName11 = Main/Source/ExtendedWPFToolkitSolution/Src/Xceed.Wpf.DataGrid
		SccLocalPath11 = Main\\Source\\ExtendedWPFToolkitSolution\\Src\\Xceed.Wpf.DataGrid
		SccProjectUniqueName12 = Main\\Source\\ExtendedWPFToolkitSolution\\Src\\Xceed.Wpf.AvalonDock.Themes.VS2010\\Xceed.Wpf.AvalonDock.Themes.VS2010.csproj
		SccProjectTopLevelParentUniqueName12 = Framework.sln
		SccProjectName12 = Main/Source/ExtendedWPFToolkitSolution/Src/Xceed.Wpf.AvalonDock.Themes.VS2010
		SccLocalPath12 = Main\\Source\\ExtendedWPFToolkitSolution\\Src\\Xceed.Wpf.AvalonDock.Themes.VS2010
		SccProjectUniqueName13 = Main\\Source\\ExtendedWPFToolkitSolution\\Src\\Xceed.Wpf.AvalonDock.Themes.Metro\\Xceed.Wpf.AvalonDock.Themes.Metro.csproj
		SccProjectTopLevelParentUniqueName13 = Framework.sln
		SccProjectName13 = Main/Source/ExtendedWPFToolkitSolution/Src/Xceed.Wpf.AvalonDock.Themes.Metro
		SccLocalPath13 = Main\\Source\\ExtendedWPFToolkitSolution\\Src\\Xceed.Wpf.AvalonDock.Themes.Metro
		SccProjectUniqueName14 = Main\\Source\\ExtendedWPFToolkitSolution\\Src\\Xceed.Wpf.AvalonDock\\Xceed.Wpf.AvalonDock.csproj
		SccProjectTopLevelParentUniqueName14 = Framework.sln
		SccProjectName14 = Main/Source/ExtendedWPFToolkitSolution/Src/Xceed.Wpf.AvalonDock
		SccLocalPath14 = Main\\Source\\ExtendedWPFToolkitSolution\\Src\\Xceed.Wpf.AvalonDock
		SccProjectUniqueName15 = Main\\Source\\ExtendedWPFToolkitSolution\\Src\\Xceed.Wpf.Toolkit.LiveExplorer\\Xceed.Wpf.Toolkit.LiveExplorer.csproj
		SccProjectTopLevelParentUniqueName15 = Framework.sln
		SccProjectName15 = Main/Source/ExtendedWPFToolkitSolution/Src/Xceed.Wpf.Toolkit.LiveExplorer
		SccLocalPath15 = Main\\Source\\ExtendedWPFToolkitSolution\\Src\\Xceed.Wpf.Toolkit.LiveExplorer
		SccProjectUniqueName16 = FabTab\\FabTab.csproj
		SccProjectTopLevelParentUniqueName16 = Framework.sln
		SccProjectName16 = FabTab
		SccLocalPath16 = FabTab
		SccProjectUniqueName17 = FabTabSample\\SampleProject.csproj
		SccProjectTopLevelParentUniqueName17 = Framework.sln
		SccProjectName17 = FabTabSample
		SccLocalPath17 = FabTabSample
		SccProjectUniqueName18 = Odyssey\\Odyssey.csproj
		SccProjectTopLevelParentUniqueName18 = Framework.sln
		SccProjectName18 = Odyssey
		SccLocalPath18 = Odyssey
		SccProjectUniqueName19 = OdysseyDemos\\Demos.csproj
		SccProjectTopLevelParentUniqueName19 = Framework.sln
		SccProjectName19 = OdysseyDemos
		SccLocalPath19 = OdysseyDemos
		SccProjectUniqueName20 = WpfPageTransitions\\WpfPageTransitions.csproj
		SccProjectTopLevelParentUniqueName20 = Framework.sln
		SccProjectName20 = WpfPageTransitions
		SccLocalPath20 = WpfPageTransitions
		SccProjectUniqueName21 = MVVM\u0020CodeFirst\\WpfApplication110\\WpfApplication110\\View.csproj
		SccProjectTopLevelParentUniqueName21 = Framework.sln
		SccProjectName21 = MVVM\u0020CodeFirst/WpfApplication110/WpfApplication110
		SccLocalPath21 = MVVM\u0020CodeFirst\\WpfApplication110\\WpfApplication110
		SccProjectUniqueName22 = MVVM\u0020CodeFirst\\WpfApplication110\\WpfApplication2\\ViewModel.csproj
		SccProjectTopLevelParentUniqueName22 = Framework.sln
		SccProjectName22 = MVVM\u0020CodeFirst/WpfApplication110/WpfApplication2
		SccLocalPath22 = MVVM\u0020CodeFirst\\WpfApplication110\\WpfApplication2
		SccProjectUniqueName23 = MVVM\u0020CodeFirst\\WpfApplication110\\WpfApplication1\\Model.csproj
		SccProjectTopLevelParentUniqueName23 = Framework.sln
		SccProjectName23 = MVVM\u0020CodeFirst/WpfApplication110/WpfApplication1
		SccLocalPath23 = MVVM\u0020CodeFirst\\WpfApplication110\\WpfApplication1
		SccProjectUniqueName24 = MVVM\u0020CodeFirst\u0020&\u0020WCF\\WpfApplication1\\Model.csproj
		SccProjectTopLevelParentUniqueName24 = Framework.sln
		SccProjectName24 = MVVM\u0020CodeFirst\u0020&\u0020WCF/WpfApplication1
		SccLocalPath24 = MVVM\u0020CodeFirst\u0020&\u0020WCF\\WpfApplication1
		SccProjectUniqueName25 = MVVM\u0020CodeFirst\u0020&\u0020WCF\\WpfApplication2\\ViewModel.csproj
		SccProjectTopLevelParentUniqueName25 = Framework.sln
		SccProjectName25 = MVVM\u0020CodeFirst\u0020&\u0020WCF/WpfApplication2
		SccLocalPath25 = MVVM\u0020CodeFirst\u0020&\u0020WCF\\WpfApplication2
		SccProjectUniqueName26 = MVVM\u0020CodeFirst\u0020&\u0020WCF\\WpfApplication110\\View.csproj
		SccProjectTopLevelParentUniqueName26 = Framework.sln
		SccProjectName26 = MVVM\u0020CodeFirst\u0020&\u0020WCF/WpfApplication110
		SccLocalPath26 = MVVM\u0020CodeFirst\u0020&\u0020WCF\\WpfApplication110
		SccProjectUniqueName27 = MVVM\u0020CodeFirst\u0020&\u0020WCF\\ModelServe\\ModelServe.csproj
		SccProjectTopLevelParentUniqueName27 = Framework.sln
		SccProjectName27 = MVVM\u0020CodeFirst\u0020&\u0020WCF/ModelServe
		SccLocalPath27 = MVVM\u0020CodeFirst\u0020&\u0020WCF\\ModelServe
	EndGlobalSection
	GlobalSection(SolutionConfigurationPlatforms) = preSolution
		Debug|Any CPU = Debug|Any CPU
		Debug|Mixed Platforms = Debug|Mixed Platforms
		Debug|x86 = Debug|x86
		Release|Any CPU = Release|Any CPU
		Release|Mixed Platforms = Release|Mixed Platforms
		Release|x86 = Release|x86
	EndGlobalSection
	GlobalSection(ProjectConfigurationPlatforms) = postSolution
		{95DDD47E-CE41-4766-A2B7-50D1E8DBE14F}.Debug|Any CPU.ActiveCfg = Debug|Any CPU
		{95DDD47E-CE41-4766-A2B7-50D1E8DBE14F}.Debug|Any CPU.Build.0 = Debug|Any CPU
		{95DDD47E-CE41-4766-A2B7-50D1E8DBE14F}.Debug|Mixed Platforms.ActiveCfg = Debug|Any CPU
		{95DDD47E-CE41-4766-A2B7-50D1E8DBE14F}.Debug|Mixed Platforms.Build.0 = Debug|Any CPU
		{95DDD47E-CE41-4766-A2B7-50D1E8DBE14F}.Debug|x86.ActiveCfg = Debug|Any CPU
		{95DDD47E-CE41-4766-A2B7-50D1E8DBE14F}.Release|Any CPU.ActiveCfg = Release|Any CPU
		{95DDD47E-CE41-4766-A2B7-50D1E8DBE14F}.Release|Any CPU.Build.0 = Release|Any CPU
		{95DDD47E-CE41-4766-A2B7-50D1E8DBE14F}.Release|Mixed Platforms.ActiveCfg = Release|Any CPU
		{95DDD47E-CE41-4766-A2B7-50D1E8DBE14F}.Release|Mixed Platforms.Build.0 = Release|Any CPU
		{95DDD47E-CE41-4766-A2B7-50D1E8DBE14F}.Release|x86.ActiveCfg = Release|Any CPU
		{BD5E8380-F950-448D-97D1-4FCEAF4D2F3F}.Debug|Any CPU.ActiveCfg = Debug|Any CPU
		{BD5E8380-F950-448D-97D1-4FCEAF4D2F3F}.Debug|Any CPU.Build.0 = Debug|Any CPU
		{BD5E8380-F950-448D-97D1-4FCEAF4D2F3F}.Debug|Mixed Platforms.ActiveCfg = Debug|Any CPU
		{BD5E8380-F950-448D-97D1-4FCEAF4D2F3F}.Debug|Mixed Platforms.Build.0 = Debug|Any CPU
		{BD5E8380-F950-448D-97D1-4FCEAF4D2F3F}.Debug|x86.ActiveCfg = Debug|Any CPU
		{BD5E8380-F950-448D-97D1-4FCEAF4D2F3F}.Release|Any CPU.ActiveCfg = Release|Any CPU
		{BD5E8380-F950-448D-97D1-4FCEAF4D2F3F}.Release|Any CPU.Build.0 = Release|Any CPU
		{BD5E8380-F950-448D-97D1-4FCEAF4D2F3F}.Release|Mixed Platforms.ActiveCfg = Release|Any CPU
		{BD5E8380-F950-448D-97D1-4FCEAF4D2F3F}.Release|Mixed Platforms.Build.0 = Release|Any CPU
		{BD5E8380-F950-448D-97D1-4FCEAF4D2F3F}.Release|x86.ActiveCfg = Release|Any CPU
		{00D27015-41D5-4304-B2AF-A556C249874A}.Debug|Any CPU.ActiveCfg = Debug|Any CPU
		{00D27015-41D5-4304-B2AF-A556C249874A}.Debug|Any CPU.Build.0 = Debug|Any CPU
		{00D27015-41D5-4304-B2AF-A556C249874A}.Debug|Mixed Platforms.ActiveCfg = Debug|Any CPU
		{00D27015-41D5-4304-B2AF-A556C249874A}.Debug|Mixed Platforms.Build.0 = Debug|Any CPU
		{00D27015-41D5-4304-B2AF-A556C249874A}.Debug|x86.ActiveCfg = Debug|Any CPU
		{00D27015-41D5-4304-B2AF-A556C249874A}.Release|Any CPU.ActiveCfg = Release|Any CPU
		{00D27015-41D5-4304-B2AF-A556C249874A}.Release|Any CPU.Build.0 = Release|Any CPU
		{00D27015-41D5-4304-B2AF-A556C249874A}.Release|Mixed Platforms.ActiveCfg = Release|Any CPU
		{00D27015-41D5-4304-B2AF-A556C249874A}.Release|Mixed Platforms.Build.0 = Release|Any CPU
		{00D27015-41D5-4304-B2AF-A556C249874A}.Release|x86.ActiveCfg = Release|Any CPU
		{9C0F64E9-30B5-42DE-B47F-7D22F661BD54}.Debug|Any CPU.ActiveCfg = Debug|Any CPU
		{9C0F64E9-30B5-42DE-B47F-7D22F661BD54}.Debug|Any CPU.Build.0 = Debug|Any CPU
		{9C0F64E9-30B5-42DE-B47F-7D22F661BD54}.Debug|Mixed Platforms.ActiveCfg = Debug|Any CPU
		{9C0F64E9-30B5-42DE-B47F-7D22F661BD54}.Debug|Mixed Platforms.Build.0 = Debug|Any CPU
		{9C0F64E9-30B5-42DE-B47F-7D22F661BD54}.Debug|x86.ActiveCfg = Debug|Any CPU
		{9C0F64E9-30B5-42DE-B47F-7D22F661BD54}.Release|Any CPU.ActiveCfg = Release|Any CPU
		{9C0F64E9-30B5-42DE-B47F-7D22F661BD54}.Release|Any CPU.Build.0 = Release|Any CPU
		{9C0F64E9-30B5-42DE-B47F-7D22F661BD54}.Release|Mixed Platforms.ActiveCfg = Release|Any CPU
		{9C0F64E9-30B5-42DE-B47F-7D22F661BD54}.Release|Mixed Platforms.Build.0 = Release|Any CPU
		{9C0F64E9-30B5-42DE-B47F-7D22F661BD54}.Release|x86.ActiveCfg = Release|Any CPU
		{D83659FB-C024-4408-A048-6B6A100DBBDD}.Debug|Any CPU.ActiveCfg = Debug|Any CPU
		{D83659FB-C024-4408-A048-6B6A100DBBDD}.Debug|Any CPU.Build.0 = Debug|Any CPU
		{D83659FB-C024-4408-A048-6B6A100DBBDD}.Debug|Mixed Platforms.ActiveCfg = Debug|Any CPU
		{D83659FB-C024-4408-A048-6B6A100DBBDD}.Debug|Mixed Platforms.Build.0 = Debug|Any CPU
		{D83659FB-C024-4408-A048-6B6A100DBBDD}.Debug|x86.ActiveCfg = Debug|Any CPU
		{D83659FB-C024-4408-A048-6B6A100DBBDD}.Release|Any CPU.ActiveCfg = Release|Any CPU
		{D83659FB-C024-4408-A048-6B6A100DBBDD}.Release|Any CPU.Build.0 = Release|Any CPU
		{D83659FB-C024-4408-A048-6B6A100DBBDD}.Release|Mixed Platforms.ActiveCfg = Release|Any CPU
		{D83659FB-C024-4408-A048-6B6A100DBBDD}.Release|Mixed Platforms.Build.0 = Release|Any CPU
		{D83659FB-C024-4408-A048-6B6A100DBBDD}.Release|x86.ActiveCfg = Release|Any CPU
		{A43BC1F3-4522-44C3-8978-80D2A9652B31}.Debug|Any CPU.ActiveCfg = Debug|Any CPU
		{A43BC1F3-4522-44C3-8978-80D2A9652B31}.Debug|Any CPU.Build.0 = Debug|Any CPU
		{A43BC1F3-4522-44C3-8978-80D2A9652B31}.Debug|Mixed Platforms.ActiveCfg = Debug|Any CPU
		{A43BC1F3-4522-44C3-8978-80D2A9652B31}.Debug|Mixed Platforms.Build.0 = Debug|Any CPU
		{A43BC1F3-4522-44C3-8978-80D2A9652B31}.Debug|x86.ActiveCfg = Debug|Any CPU
		{A43BC1F3-4522-44C3-8978-80D2A9652B31}.Release|Any CPU.ActiveCfg = Release|Any CPU
		{A43BC1F3-4522-44C3-8978-80D2A9652B31}.Release|Any CPU.Build.0 = Release|Any CPU
		{A43BC1F3-4522-44C3-8978-80D2A9652B31}.Release|Mixed Platforms.ActiveCfg = Release|Any CPU
		{A43BC1F3-4522-44C3-8978-80D2A9652B31}.Release|Mixed Platforms.Build.0 = Release|Any CPU
		{A43BC1F3-4522-44C3-8978-80D2A9652B31}.Release|x86.ActiveCfg = Release|Any CPU
		{0E398AF8-CD06-48DD-8DAC-5491792A4861}.Debug|Any CPU.ActiveCfg = Debug|Any CPU
		{0E398AF8-CD06-48DD-8DAC-5491792A4861}.Debug|Any CPU.Build.0 = Debug|Any CPU
		{0E398AF8-CD06-48DD-8DAC-5491792A4861}.Debug|Mixed Platforms.ActiveCfg = Debug|Any CPU
		{0E398AF8-CD06-48DD-8DAC-5491792A4861}.Debug|Mixed Platforms.Build.0 = Debug|Any CPU
		{0E398AF8-CD06-48DD-8DAC-5491792A4861}.Debug|x86.ActiveCfg = Debug|Any CPU
		{0E398AF8-CD06-48DD-8DAC-5491792A4861}.Release|Any CPU.ActiveCfg = Release|Any CPU
		{0E398AF8-CD06-48DD-8DAC-5491792A4861}.Release|Any CPU.Build.0 = Release|Any CPU
		{0E398AF8-CD06-48DD-8DAC-5491792A4861}.Release|Mixed Platforms.ActiveCfg = Release|Any CPU
		{0E398AF8-CD06-48DD-8DAC-5491792A4861}.Release|Mixed Platforms.Build.0 = Release|Any CPU
		{0E398AF8-CD06-48DD-8DAC-5491792A4861}.Release|x86.ActiveCfg = Release|Any CPU
		{22D7619F-4EDA-458A-9A8A-B789FB4E31E3}.Debug|Any CPU.ActiveCfg = Debug|Any CPU
		{22D7619F-4EDA-458A-9A8A-B789FB4E31E3}.Debug|Any CPU.Build.0 = Debug|Any CPU
		{22D7619F-4EDA-458A-9A8A-B789FB4E31E3}.Debug|Mixed Platforms.ActiveCfg = Debug|Any CPU
		{22D7619F-4EDA-458A-9A8A-B789FB4E31E3}.Debug|Mixed Platforms.Build.0 = Debug|Any CPU
		{22D7619F-4EDA-458A-9A8A-B789FB4E31E3}.Debug|x86.ActiveCfg = Debug|Any CPU
		{22D7619F-4EDA-458A-9A8A-B789FB4E31E3}.Release|Any CPU.ActiveCfg = Release|Any CPU
		{22D7619F-4EDA-458A-9A8A-B789FB4E31E3}.Release|Any CPU.Build.0 = Release|Any CPU
		{22D7619F-4EDA-458A-9A8A-B789FB4E31E3}.Release|Mixed Platforms.ActiveCfg = Release|Any CPU
		{22D7619F-4EDA-458A-9A8A-B789FB4E31E3}.Release|Mixed Platforms.Build.0 = Release|Any CPU
		{22D7619F-4EDA-458A-9A8A-B789FB4E31E3}.Release|x86.ActiveCfg = Release|Any CPU
		{DB81988F-E0F2-45A0-A1FD-8C37F3D35244}.Debug|Any CPU.ActiveCfg = Debug|Any CPU
		{DB81988F-E0F2-45A0-A1FD-8C37F3D35244}.Debug|Any CPU.Build.0 = Debug|Any CPU
		{DB81988F-E0F2-45A0-A1FD-8C37F3D35244}.Debug|Mixed Platforms.ActiveCfg = Debug|Any CPU
		{DB81988F-E0F2-45A0-A1FD-8C37F3D35244}.Debug|Mixed Platforms.Build.0 = Debug|Any CPU
		{DB81988F-E0F2-45A0-A1FD-8C37F3D35244}.Debug|x86.ActiveCfg = Debug|Any CPU
		{DB81988F-E0F2-45A0-A1FD-8C37F3D35244}.Release|Any CPU.ActiveCfg = Release|Any CPU
		{DB81988F-E0F2-45A0-A1FD-8C37F3D35244}.Release|Any CPU.Build.0 = Release|Any CPU
		{DB81988F-E0F2-45A0-A1FD-8C37F3D35244}.Release|Mixed Platforms.ActiveCfg = Release|Any CPU
		{DB81988F-E0F2-45A0-A1FD-8C37F3D35244}.Release|Mixed Platforms.Build.0 = Release|Any CPU
		{DB81988F-E0F2-45A0-A1FD-8C37F3D35244}.Release|x86.ActiveCfg = Release|Any CPU
		{BA72CCE0-A9FB-4995-B496-7FEC5C87B85B}.Debug|Any CPU.ActiveCfg = Debug|Any CPU
		{BA72CCE0-A9FB-4995-B496-7FEC5C87B85B}.Debug|Any CPU.Build.0 = Debug|Any CPU
		{BA72CCE0-A9FB-4995-B496-7FEC5C87B85B}.Debug|Mixed Platforms.ActiveCfg = Debug|Any CPU
		{BA72CCE0-A9FB-4995-B496-7FEC5C87B85B}.Debug|Mixed Platforms.Build.0 = Debug|Any CPU
		{BA72CCE0-A9FB-4995-B496-7FEC5C87B85B}.Debug|x86.ActiveCfg = Debug|Any CPU
		{BA72CCE0-A9FB-4995-B496-7FEC5C87B85B}.Release|Any CPU.ActiveCfg = Release|Any CPU
		{BA72CCE0-A9FB-4995-B496-7FEC5C87B85B}.Release|Any CPU.Build.0 = Release|Any CPU
		{BA72CCE0-A9FB-4995-B496-7FEC5C87B85B}.Release|Mixed Platforms.ActiveCfg = Release|Any CPU
		{BA72CCE0-A9FB-4995-B496-7FEC5C87B85B}.Release|Mixed Platforms.Build.0 = Release|Any CPU
		{BA72CCE0-A9FB-4995-B496-7FEC5C87B85B}.Release|x86.ActiveCfg = Release|Any CPU
		{89286EB4-B4A1-418C-839A-067B00F442D8}.Debug|Any CPU.ActiveCfg = Debug|Any CPU
		{89286EB4-B4A1-418C-839A-067B00F442D8}.Debug|Any CPU.Build.0 = Debug|Any CPU
		{89286EB4-B4A1-418C-839A-067B00F442D8}.Debug|Mixed Platforms.ActiveCfg = Debug|Any CPU
		{89286EB4-B4A1-418C-839A-067B00F442D8}.Debug|Mixed Platforms.Build.0 = Debug|Any CPU
		{89286EB4-B4A1-418C-839A-067B00F442D8}.Debug|x86.ActiveCfg = Debug|Any CPU
		{89286EB4-B4A1-418C-839A-067B00F442D8}.Release|Any CPU.ActiveCfg = Release|Any CPU
		{89286EB4-B4A1-418C-839A-067B00F442D8}.Release|Any CPU.Build.0 = Release|Any CPU
		{89286EB4-B4A1-418C-839A-067B00F442D8}.Release|Mixed Platforms.ActiveCfg = Release|Any CPU
		{89286EB4-B4A1-418C-839A-067B00F442D8}.Release|Mixed Platforms.Build.0 = Release|Any CPU
		{89286EB4-B4A1-418C-839A-067B00F442D8}.Release|x86.ActiveCfg = Release|Any CPU
		{B3FC3E21-5F2D-4581-AEA2-59F671CFFC21}.Debug|Any CPU.ActiveCfg = Debug|Any CPU
		{B3FC3E21-5F2D-4581-AEA2-59F671CFFC21}.Debug|Any CPU.Build.0 = Debug|Any CPU
		{B3FC3E21-5F2D-4581-AEA2-59F671CFFC21}.Debug|Mixed Platforms.ActiveCfg = Debug|Any CPU
		{B3FC3E21-5F2D-4581-AEA2-59F671CFFC21}.Debug|Mixed Platforms.Build.0 = Debug|Any CPU
		{B3FC3E21-5F2D-4581-AEA2-59F671CFFC21}.Debug|x86.ActiveCfg = Debug|Any CPU
		{B3FC3E21-5F2D-4581-AEA2-59F671CFFC21}.Release|Any CPU.ActiveCfg = Release|Any CPU
		{B3FC3E21-5F2D-4581-AEA2-59F671CFFC21}.Release|Any CPU.Build.0 = Release|Any CPU
		{B3FC3E21-5F2D-4581-AEA2-59F671CFFC21}.Release|Mixed Platforms.ActiveCfg = Release|Any CPU
		{B3FC3E21-5F2D-4581-AEA2-59F671CFFC21}.Release|Mixed Platforms.Build.0 = Release|Any CPU
		{B3FC3E21-5F2D-4581-AEA2-59F671CFFC21}.Release|x86.ActiveCfg = Release|Any CPU
		{63648392-6CE9-4A60-96D4-F9FD718D29B0}.Debug|Any CPU.ActiveCfg = Debug|Any CPU
		{63648392-6CE9-4A60-96D4-F9FD718D29B0}.Debug|Any CPU.Build.0 = Debug|Any CPU
		{63648392-6CE9-4A60-96D4-F9FD718D29B0}.Debug|Mixed Platforms.ActiveCfg = Debug|Any CPU
		{63648392-6CE9-4A60-96D4-F9FD718D29B0}.Debug|Mixed Platforms.Build.0 = Debug|Any CPU
		{63648392-6CE9-4A60-96D4-F9FD718D29B0}.Debug|x86.ActiveCfg = Debug|Any CPU
		{63648392-6CE9-4A60-96D4-F9FD718D29B0}.Release|Any CPU.ActiveCfg = Release|Any CPU
		{63648392-6CE9-4A60-96D4-F9FD718D29B0}.Release|Any CPU.Build.0 = Release|Any CPU
		{63648392-6CE9-4A60-96D4-F9FD718D29B0}.Release|Mixed Platforms.ActiveCfg = Release|Any CPU
		{63648392-6CE9-4A60-96D4-F9FD718D29B0}.Release|Mixed Platforms.Build.0 = Release|Any CPU
		{63648392-6CE9-4A60-96D4-F9FD718D29B0}.Release|x86.ActiveCfg = Release|Any CPU
		{72E591D6-8F83-4D8C-8F67-9C325E623234}.Debug|Any CPU.ActiveCfg = Debug|Any CPU
		{72E591D6-8F83-4D8C-8F67-9C325E623234}.Debug|Any CPU.Build.0 = Debug|Any CPU
		{72E591D6-8F83-4D8C-8F67-9C325E623234}.Debug|Mixed Platforms.ActiveCfg = Debug|Any CPU
		{72E591D6-8F83-4D8C-8F67-9C325E623234}.Debug|Mixed Platforms.Build.0 = Debug|Any CPU
		{72E591D6-8F83-4D8C-8F67-9C325E623234}.Debug|x86.ActiveCfg = Debug|Any CPU
		{72E591D6-8F83-4D8C-8F67-9C325E623234}.Release|Any CPU.ActiveCfg = Release|Any CPU
		{72E591D6-8F83-4D8C-8F67-9C325E623234}.Release|Any CPU.Build.0 = Release|Any CPU
		{72E591D6-8F83-4D8C-8F67-9C325E623234}.Release|Mixed Platforms.ActiveCfg = Release|Any CPU
		{72E591D6-8F83-4D8C-8F67-9C325E623234}.Release|Mixed Platforms.Build.0 = Release|Any CPU
		{72E591D6-8F83-4D8C-8F67-9C325E623234}.Release|x86.ActiveCfg = Release|Any CPU
		{5E7DC9C8-3E27-400C-B84C-29FF9E710CB3}.Debug|Any CPU.ActiveCfg = Debug|x86
		{5E7DC9C8-3E27-400C-B84C-29FF9E710CB3}.Debug|Mixed Platforms.ActiveCfg = Debug|x86
		{5E7DC9C8-3E27-400C-B84C-29FF9E710CB3}.Debug|Mixed Platforms.Build.0 = Debug|x86
		{5E7DC9C8-3E27-400C-B84C-29FF9E710CB3}.Debug|x86.ActiveCfg = Debug|x86
		{5E7DC9C8-3E27-400C-B84C-29FF9E710CB3}.Debug|x86.Build.0 = Debug|x86
		{5E7DC9C8-3E27-400C-B84C-29FF9E710CB3}.Release|Any CPU.ActiveCfg = Release|x86
		{5E7DC9C8-3E27-400C-B84C-29FF9E710CB3}.Release|Mixed Platforms.ActiveCfg = Release|x86
		{5E7DC9C8-3E27-400C-B84C-29FF9E710CB3}.Release|Mixed Platforms.Build.0 = Release|x86
		{5E7DC9C8-3E27-400C-B84C-29FF9E710CB3}.Release|x86.ActiveCfg = Release|x86
		{5E7DC9C8-3E27-400C-B84C-29FF9E710CB3}.Release|x86.Build.0 = Release|x86
		{9B2C9EEB-DAC2-4BE2-83CC-51AFA802ED4E}.Debug|Any CPU.ActiveCfg = Debug|Any CPU
		{9B2C9EEB-DAC2-4BE2-83CC-51AFA802ED4E}.Debug|Any CPU.Build.0 = Debug|Any CPU
		{9B2C9EEB-DAC2-4BE2-83CC-51AFA802ED4E}.Debug|Mixed Platforms.ActiveCfg = Debug|Any CPU
		{9B2C9EEB-DAC2-4BE2-83CC-51AFA802ED4E}.Debug|Mixed Platforms.Build.0 = Debug|Any CPU
		{9B2C9EEB-DAC2-4BE2-83CC-51AFA802ED4E}.Debug|x86.ActiveCfg = Debug|Any CPU
		{9B2C9EEB-DAC2-4BE2-83CC-51AFA802ED4E}.Release|Any CPU.ActiveCfg = Release|Any CPU
		{9B2C9EEB-DAC2-4BE2-83CC-51AFA802ED4E}.Release|Any CPU.Build.0 = Release|Any CPU
		{9B2C9EEB-DAC2-4BE2-83CC-51AFA802ED4E}.Release|Mixed Platforms.ActiveCfg = Release|Any CPU
		{9B2C9EEB-DAC2-4BE2-83CC-51AFA802ED4E}.Release|Mixed Platforms.Build.0 = Release|Any CPU
		{9B2C9EEB-DAC2-4BE2-83CC-51AFA802ED4E}.Release|x86.ActiveCfg = Release|Any CPU
		{43634218-DD67-4536-B69F-1D28A355CA33}.Debug|Any CPU.ActiveCfg = Debug|Any CPU
		{43634218-DD67-4536-B69F-1D28A355CA33}.Debug|Any CPU.Build.0 = Debug|Any CPU
		{43634218-DD67-4536-B69F-1D28A355CA33}.Debug|Mixed Platforms.ActiveCfg = Debug|Any CPU
		{43634218-DD67-4536-B69F-1D28A355CA33}.Debug|Mixed Platforms.Build.0 = Debug|Any CPU
		{43634218-DD67-4536-B69F-1D28A355CA33}.Debug|x86.ActiveCfg = Debug|Any CPU
		{43634218-DD67-4536-B69F-1D28A355CA33}.Release|Any CPU.ActiveCfg = Release|Any CPU
		{43634218-DD67-4536-B69F-1D28A355CA33}.Release|Any CPU.Build.0 = Release|Any CPU
		{43634218-DD67-4536-B69F-1D28A355CA33}.Release|Mixed Platforms.ActiveCfg = Release|Any CPU
		{43634218-DD67-4536-B69F-1D28A355CA33}.Release|Mixed Platforms.Build.0 = Release|Any CPU
		{43634218-DD67-4536-B69F-1D28A355CA33}.Release|x86.ActiveCfg = Release|Any CPU
		{333FDC55-6B47-4A64-A2DF-A4C5823FAC74}.Debug|Any CPU.ActiveCfg = Debug|Any CPU
		{333FDC55-6B47-4A64-A2DF-A4C5823FAC74}.Debug|Any CPU.Build.0 = Debug|Any CPU
		{333FDC55-6B47-4A64-A2DF-A4C5823FAC74}.Debug|Mixed Platforms.ActiveCfg = Debug|x86
		{333FDC55-6B47-4A64-A2DF-A4C5823FAC74}.Debug|Mixed Platforms.Build.0 = Debug|x86
		{333FDC55-6B47-4A64-A2DF-A4C5823FAC74}.Debug|x86.ActiveCfg = Debug|x86
		{333FDC55-6B47-4A64-A2DF-A4C5823FAC74}.Debug|x86.Build.0 = Debug|x86
		{333FDC55-6B47-4A64-A2DF-A4C5823FAC74}.Release|Any CPU.ActiveCfg = Release|Any CPU
		{333FDC55-6B47-4A64-A2DF-A4C5823FAC74}.Release|Any CPU.Build.0 = Release|Any CPU
		{333FDC55-6B47-4A64-A2DF-A4C5823FAC74}.Release|Mixed Platforms.ActiveCfg = Release|x86
		{333FDC55-6B47-4A64-A2DF-A4C5823FAC74}.Release|Mixed Platforms.Build.0 = Release|x86
		{333FDC55-6B47-4A64-A2DF-A4C5823FAC74}.Release|x86.ActiveCfg = Release|x86
		{333FDC55-6B47-4A64-A2DF-A4C5823FAC74}.Release|x86.Build.0 = Release|x86
		{4F736E6C-D570-4882-B521-93819C059E82}.Debug|Any CPU.ActiveCfg = Debug|Any CPU
		{4F736E6C-D570-4882-B521-93819C059E82}.Debug|Any CPU.Build.0 = Debug|Any CPU
		{4F736E6C-D570-4882-B521-93819C059E82}.Debug|Mixed Platforms.ActiveCfg = Debug|Any CPU
		{4F736E6C-D570-4882-B521-93819C059E82}.Debug|Mixed Platforms.Build.0 = Debug|Any CPU
		{4F736E6C-D570-4882-B521-93819C059E82}.Debug|x86.ActiveCfg = Debug|Any CPU
		{4F736E6C-D570-4882-B521-93819C059E82}.Release|Any CPU.ActiveCfg = Release|Any CPU
		{4F736E6C-D570-4882-B521-93819C059E82}.Release|Any CPU.Build.0 = Release|Any CPU
		{4F736E6C-D570-4882-B521-93819C059E82}.Release|Mixed Platforms.ActiveCfg = Release|Any CPU
		{4F736E6C-D570-4882-B521-93819C059E82}.Release|Mixed Platforms.Build.0 = Release|Any CPU
		{4F736E6C-D570-4882-B521-93819C059E82}.Release|x86.ActiveCfg = Release|Any CPU
		{22A46D61-1D40-43A9-802C-B9D43DADD9EC}.Debug|Any CPU.ActiveCfg = Debug|Any CPU
		{22A46D61-1D40-43A9-802C-B9D43DADD9EC}.Debug|Any CPU.Build.0 = Debug|Any CPU
		{22A46D61-1D40-43A9-802C-B9D43DADD9EC}.Debug|Mixed Platforms.ActiveCfg = Debug|Any CPU
		{22A46D61-1D40-43A9-802C-B9D43DADD9EC}.Debug|Mixed Platforms.Build.0 = Debug|Any CPU
		{22A46D61-1D40-43A9-802C-B9D43DADD9EC}.Debug|x86.ActiveCfg = Debug|Any CPU
		{22A46D61-1D40-43A9-802C-B9D43DADD9EC}.Release|Any CPU.ActiveCfg = Release|Any CPU
		{22A46D61-1D40-43A9-802C-B9D43DADD9EC}.Release|Any CPU.Build.0 = Release|Any CPU
		{22A46D61-1D40-43A9-802C-B9D43DADD9EC}.Release|Mixed Platforms.ActiveCfg = Release|Any CPU
		{22A46D61-1D40-43A9-802C-B9D43DADD9EC}.Release|Mixed Platforms.Build.0 = Release|Any CPU
		{22A46D61-1D40-43A9-802C-B9D43DADD9EC}.Release|x86.ActiveCfg = Release|Any CPU
		{B168D630-3FF8-4EE5-997D-33681B90E2D7}.Debug|Any CPU.ActiveCfg = Debug|Any CPU
		{B168D630-3FF8-4EE5-997D-33681B90E2D7}.Debug|Any CPU.Build.0 = Debug|Any CPU
		{B168D630-3FF8-4EE5-997D-33681B90E2D7}.Debug|Mixed Platforms.ActiveCfg = Debug|Any CPU
		{B168D630-3FF8-4EE5-997D-33681B90E2D7}.Debug|Mixed Platforms.Build.0 = Debug|Any CPU
		{B168D630-3FF8-4EE5-997D-33681B90E2D7}.Debug|x86.ActiveCfg = Debug|Any CPU
		{B168D630-3FF8-4EE5-997D-33681B90E2D7}.Release|Any CPU.ActiveCfg = Release|Any CPU
		{B168D630-3FF8-4EE5-997D-33681B90E2D7}.Release|Any CPU.Build.0 = Release|Any CPU
		{B168D630-3FF8-4EE5-997D-33681B90E2D7}.Release|Mixed Platforms.ActiveCfg = Release|Any CPU
		{B168D630-3FF8-4EE5-997D-33681B90E2D7}.Release|Mixed Platforms.Build.0 = Release|Any CPU
		{B168D630-3FF8-4EE5-997D-33681B90E2D7}.Release|x86.ActiveCfg = Release|Any CPU
		{D70DB07E-71ED-4C91-A5A2-310B8A816199}.Debug|Any CPU.ActiveCfg = Debug|Any CPU
		{D70DB07E-71ED-4C91-A5A2-310B8A816199}.Debug|Any CPU.Build.0 = Debug|Any CPU
		{D70DB07E-71ED-4C91-A5A2-310B8A816199}.Debug|Mixed Platforms.ActiveCfg = Debug|Any CPU
		{D70DB07E-71ED-4C91-A5A2-310B8A816199}.Debug|Mixed Platforms.Build.0 = Debug|Any CPU
		{D70DB07E-71ED-4C91-A5A2-310B8A816199}.Debug|x86.ActiveCfg = Debug|Any CPU
		{D70DB07E-71ED-4C91-A5A2-310B8A816199}.Release|Any CPU.ActiveCfg = Release|Any CPU
		{D70DB07E-71ED-4C91-A5A2-310B8A816199}.Release|Any CPU.Build.0 = Release|Any CPU
		{D70DB07E-71ED-4C91-A5A2-310B8A816199}.Release|Mixed Platforms.ActiveCfg = Release|Any CPU
		{D70DB07E-71ED-4C91-A5A2-310B8A816199}.Release|Mixed Platforms.Build.0 = Release|Any CPU
		{D70DB07E-71ED-4C91-A5A2-310B8A816199}.Release|x86.ActiveCfg = Release|Any CPU
		{356DD576-6798-49DE-945A-DCBD75F1F229}.Debug|Any CPU.ActiveCfg = Debug|Any CPU
		{356DD576-6798-49DE-945A-DCBD75F1F229}.Debug|Any CPU.Build.0 = Debug|Any CPU
		{356DD576-6798-49DE-945A-DCBD75F1F229}.Debug|Mixed Platforms.ActiveCfg = Debug|Any CPU
		{356DD576-6798-49DE-945A-DCBD75F1F229}.Debug|Mixed Platforms.Build.0 = Debug|Any CPU
		{356DD576-6798-49DE-945A-DCBD75F1F229}.Debug|x86.ActiveCfg = Debug|Any CPU
		{356DD576-6798-49DE-945A-DCBD75F1F229}.Release|Any CPU.ActiveCfg = Release|Any CPU
		{356DD576-6798-49DE-945A-DCBD75F1F229}.Release|Any CPU.Build.0 = Release|Any CPU
		{356DD576-6798-49DE-945A-DCBD75F1F229}.Release|Mixed Platforms.ActiveCfg = Release|Any CPU
		{356DD576-6798-49DE-945A-DCBD75F1F229}.Release|Mixed Platforms.Build.0 = Release|Any CPU
		{356DD576-6798-49DE-945A-DCBD75F1F229}.Release|x86.ActiveCfg = Release|Any CPU
		{BBFFF980-57C7-49AB-BF2D-5963D7EA6AFD}.Debug|Any CPU.ActiveCfg = Debug|Any CPU
		{BBFFF980-57C7-49AB-BF2D-5963D7EA6AFD}.Debug|Any CPU.Build.0 = Debug|Any CPU
		{BBFFF980-57C7-49AB-BF2D-5963D7EA6AFD}.Debug|Mixed Platforms.ActiveCfg = Debug|Any CPU
		{BBFFF980-57C7-49AB-BF2D-5963D7EA6AFD}.Debug|Mixed Platforms.Build.0 = Debug|Any CPU
		{BBFFF980-57C7-49AB-BF2D-5963D7EA6AFD}.Debug|x86.ActiveCfg = Debug|Any CPU
		{BBFFF980-57C7-49AB-BF2D-5963D7EA6AFD}.Release|Any CPU.ActiveCfg = Release|Any CPU
		{BBFFF980-57C7-49AB-BF2D-5963D7EA6AFD}.Release|Any CPU.Build.0 = Release|Any CPU
		{BBFFF980-57C7-49AB-BF2D-5963D7EA6AFD}.Release|Mixed Platforms.ActiveCfg = Release|Any CPU
		{BBFFF980-57C7-49AB-BF2D-5963D7EA6AFD}.Release|Mixed Platforms.Build.0 = Release|Any CPU
		{BBFFF980-57C7-49AB-BF2D-5963D7EA6AFD}.Release|x86.ActiveCfg = Release|Any CPU
		{1DFB6596-646C-4912-B30B-C915C79BF89E}.Debug|Any CPU.ActiveCfg = Debug|Any CPU
		{1DFB6596-646C-4912-B30B-C915C79BF89E}.Debug|Any CPU.Build.0 = Debug|Any CPU
		{1DFB6596-646C-4912-B30B-C915C79BF89E}.Debug|Mixed Platforms.ActiveCfg = Debug|Any CPU
		{1DFB6596-646C-4912-B30B-C915C79BF89E}.Debug|Mixed Platforms.Build.0 = Debug|Any CPU
		{1DFB6596-646C-4912-B30B-C915C79BF89E}.Debug|x86.ActiveCfg = Debug|Any CPU
		{1DFB6596-646C-4912-B30B-C915C79BF89E}.Release|Any CPU.ActiveCfg = Release|Any CPU
		{1DFB6596-646C-4912-B30B-C915C79BF89E}.Release|Any CPU.Build.0 = Release|Any CPU
		{1DFB6596-646C-4912-B30B-C915C79BF89E}.Release|Mixed Platforms.ActiveCfg = Release|Any CPU
		{1DFB6596-646C-4912-B30B-C915C79BF89E}.Release|Mixed Platforms.Build.0 = Release|Any CPU
		{1DFB6596-646C-4912-B30B-C915C79BF89E}.Release|x86.ActiveCfg = Release|Any CPU
		{1730C98D-371F-4F42-B059-B86B28A343FE}.Debug|Any CPU.ActiveCfg = Debug|Any CPU
		{1730C98D-371F-4F42-B059-B86B28A343FE}.Debug|Any CPU.Build.0 = Debug|Any CPU
		{1730C98D-371F-4F42-B059-B86B28A343FE}.Debug|Mixed Platforms.ActiveCfg = Debug|Any CPU
		{1730C98D-371F-4F42-B059-B86B28A343FE}.Debug|Mixed Platforms.Build.0 = Debug|Any CPU
		{1730C98D-371F-4F42-B059-B86B28A343FE}.Debug|x86.ActiveCfg = Debug|Any CPU
		{1730C98D-371F-4F42-B059-B86B28A343FE}.Release|Any CPU.ActiveCfg = Release|Any CPU
		{1730C98D-371F-4F42-B059-B86B28A343FE}.Release|Any CPU.Build.0 = Release|Any CPU
		{1730C98D-371F-4F42-B059-B86B28A343FE}.Release|Mixed Platforms.ActiveCfg = Release|Any CPU
		{1730C98D-371F-4F42-B059-B86B28A343FE}.Release|Mixed Platforms.Build.0 = Release|Any CPU
		{1730C98D-371F-4F42-B059-B86B28A343FE}.Release|x86.ActiveCfg = Release|Any CPU
		{310A14BB-95F1-43DB-B440-E83C97862757}.Debug|Any CPU.ActiveCfg = Debug|Any CPU
		{310A14BB-95F1-43DB-B440-E83C97862757}.Debug|Any CPU.Build.0 = Debug|Any CPU
		{310A14BB-95F1-43DB-B440-E83C97862757}.Debug|Mixed Platforms.ActiveCfg = Debug|Any CPU
		{310A14BB-95F1-43DB-B440-E83C97862757}.Debug|Mixed Platforms.Build.0 = Debug|Any CPU
		{310A14BB-95F1-43DB-B440-E83C97862757}.Debug|x86.ActiveCfg = Debug|Any CPU
		{310A14BB-95F1-43DB-B440-E83C97862757}.Release|Any CPU.ActiveCfg = Release|Any CPU
		{310A14BB-95F1-43DB-B440-E83C97862757}.Release|Any CPU.Build.0 = Release|Any CPU
		{310A14BB-95F1-43DB-B440-E83C97862757}.Release|Mixed Platforms.ActiveCfg = Release|Any CPU
		{310A14BB-95F1-43DB-B440-E83C97862757}.Release|Mixed Platforms.Build.0 = Release|Any CPU
		{310A14BB-95F1-43DB-B440-E83C97862757}.Release|x86.ActiveCfg = Release|Any CPU
	EndGlobalSection
	GlobalSection(SolutionProperties) = preSolution
		HideSolutionNode = FALSE
	EndGlobalSection
	GlobalSection(NestedProjects) = preSolution
		{BD5E8380-F950-448D-97D1-4FCEAF4D2F3F} = {2BE2BCEC-08F9-4265-BCE4-90692C6DC725}
		{00D27015-41D5-4304-B2AF-A556C249874A} = {2BE2BCEC-08F9-4265-BCE4-90692C6DC725}
		{9C0F64E9-30B5-42DE-B47F-7D22F661BD54} = {2BE2BCEC-08F9-4265-BCE4-90692C6DC725}
		{95DDD47E-CE41-4766-A2B7-50D1E8DBE14F} = {2BE2BCEC-08F9-4265-BCE4-90692C6DC725}
		{DB81988F-E0F2-45A0-A1FD-8C37F3D35244} = {4351ED2B-BD96-4E36-825E-729927A994E6}
		{BA72CCE0-A9FB-4995-B496-7FEC5C87B85B} = {4351ED2B-BD96-4E36-825E-729927A994E6}
		{89286EB4-B4A1-418C-839A-067B00F442D8} = {4351ED2B-BD96-4E36-825E-729927A994E6}
		{B3FC3E21-5F2D-4581-AEA2-59F671CFFC21} = {4351ED2B-BD96-4E36-825E-729927A994E6}
		{63648392-6CE9-4A60-96D4-F9FD718D29B0} = {4351ED2B-BD96-4E36-825E-729927A994E6}
		{72E591D6-8F83-4D8C-8F67-9C325E623234} = {4351ED2B-BD96-4E36-825E-729927A994E6}
		{5E7DC9C8-3E27-400C-B84C-29FF9E710CB3} = {4351ED2B-BD96-4E36-825E-729927A994E6}
		{9B2C9EEB-DAC2-4BE2-83CC-51AFA802ED4E} = {4351ED2B-BD96-4E36-825E-729927A994E6}
		{43634218-DD67-4536-B69F-1D28A355CA33} = {4351ED2B-BD96-4E36-825E-729927A994E6}
		{333FDC55-6B47-4A64-A2DF-A4C5823FAC74} = {4351ED2B-BD96-4E36-825E-729927A994E6}
		{4F736E6C-D570-4882-B521-93819C059E82} = {4351ED2B-BD96-4E36-825E-729927A994E6}
		{22A46D61-1D40-43A9-802C-B9D43DADD9EC} = {4351ED2B-BD96-4E36-825E-729927A994E6}
		{D83659FB-C024-4408-A048-6B6A100DBBDD} = {1139BCA5-D8AE-4D80-981F-EE9C07F654E0}
		{A43BC1F3-4522-44C3-8978-80D2A9652B31} = {1139BCA5-D8AE-4D80-981F-EE9C07F654E0}
		{0E398AF8-CD06-48DD-8DAC-5491792A4861} = {1139BCA5-D8AE-4D80-981F-EE9C07F654E0}
		{22D7619F-4EDA-458A-9A8A-B789FB4E31E3} = {1139BCA5-D8AE-4D80-981F-EE9C07F654E0}
		{B168D630-3FF8-4EE5-997D-33681B90E2D7} = {3C6005E3-29E8-4A3D-8797-BDD826FC32A7}
		{D70DB07E-71ED-4C91-A5A2-310B8A816199} = {3C6005E3-29E8-4A3D-8797-BDD826FC32A7}
		{356DD576-6798-49DE-945A-DCBD75F1F229} = {3C6005E3-29E8-4A3D-8797-BDD826FC32A7}
		{BBFFF980-57C7-49AB-BF2D-5963D7EA6AFD} = {2DA6F88B-E6EC-4BCB-9091-228A48FEE934}
		{1DFB6596-646C-4912-B30B-C915C79BF89E} = {2DA6F88B-E6EC-4BCB-9091-228A48FEE934}
		{1730C98D-371F-4F42-B059-B86B28A343FE} = {2DA6F88B-E6EC-4BCB-9091-228A48FEE934}
		{310A14BB-95F1-43DB-B440-E83C97862757} = {2DA6F88B-E6EC-4BCB-9091-228A48FEE934}
	EndGlobalSection
EndGlobal
